
Microsoft Visual Studio Solution File, Format Version 12.00
# Visual Studio Version 17
VisualStudioVersion = 17.1.32421.90
MinimumVisualStudioVersion = 10.0.40219.1
Project("{9A19103F-16F7-4668-BE54-9A1E7A4F7556}") = "smip.smx.pit.2022.webapp", "smip.smx.pit.2022.webapp\smip.smx.pit.2022.webapp.csproj", "{71D21CD2-AAAB-487D-8E36-F1F6CB2EC12A}"
EndProject
Project("{9A19103F-16F7-4668-BE54-9A1E7A4F7556}") = "smip.smx.pit.2022.desktop", "smip.smx.pit.2022.desktop\smip.smx.pit.2022.desktop.csproj", "{EF38ABD9-FF8B-4FF9-9673-12CAED7CB684}"
EndProject
Project("{FAE04EC0-301F-11D3-BF4B-00C04F79EFBC}") = "smip.sdk", "smip.sdk\smip.sdk.csproj", "{99AE40FF-F5A5-4126-B9FB-285733D1A37B}"
EndProject
Global
	GlobalSection(SolutionConfigurationPlatforms) = preSolution
		Debug|Any CPU = Debug|Any CPU
		Release|Any CPU = Release|Any CPU
	EndGlobalSection
	GlobalSection(ProjectConfigurationPlatforms) = postSolution
		{71D21CD2-AAAB-487D-8E36-F1F6CB2EC12A}.Debug|Any CPU.ActiveCfg = Debug|Any CPU
		{71D21CD2-AAAB-487D-8E36-F1F6CB2EC12A}.Debug|Any CPU.Build.0 = Debug|Any CPU
		{71D21CD2-AAAB-487D-8E36-F1F6CB2EC12A}.Release|Any CPU.ActiveCfg = Release|Any CPU
		{71D21CD2-AAAB-487D-8E36-F1F6CB2EC12A}.Release|Any CPU.Build.0 = Release|Any CPU
		{EF38ABD9-FF8B-4FF9-9673-12CAED7CB684}.Debug|Any CPU.ActiveCfg = Debug|Any CPU
		{EF38ABD9-FF8B-4FF9-9673-12CAED7CB684}.Debug|Any CPU.Build.0 = Debug|Any CPU
		{EF38ABD9-FF8B-4FF9-9673-12CAED7CB684}.Debug|Any CPU.Deploy.0 = Debug|Any CPU
		{EF38ABD9-FF8B-4FF9-9673-12CAED7CB684}.Release|Any CPU.ActiveCfg = Release|Any CPU
		{EF38ABD9-FF8B-4FF9-9673-12CAED7CB684}.Release|Any CPU.Build.0 = Release|Any CPU
		{EF38ABD9-FF8B-4FF9-9673-12CAED7CB684}.Release|Any CPU.Deploy.0 = Release|Any CPU
		{99AE40FF-F5A5-4126-B9FB-285733D1A37B}.Debug|Any CPU.ActiveCfg = Debug|Any CPU
		{99AE40FF-F5A5-4126-B9FB-285733D1A37B}.Debug|Any CPU.Build.0 = Debug|Any CPU
		{99AE40FF-F5A5-4126-B9FB-285733D1A37B}.Release|Any CPU.ActiveCfg = Release|Any CPU
		{99AE40FF-F5A5-4126-B9FB-285733D1A37B}.Release|Any CPU.Build.0 = Release|Any CPU
	EndGlobalSection
	GlobalSection(SolutionProperties) = preSolution
		HideSolutionNode = FALSE
	EndGlobalSection
	GlobalSection(ExtensibilityGlobals) = postSolution
		SolutionGuid = {27C63769-F882-4019-9AEB-652D04859079}
	EndGlobalSection
EndGlobal
